
Microsoft Visual Studio Solution File, Format Version 12.00
# Visual Studio 14
VisualStudioVersion = 14.0.25420.1
MinimumVisualStudioVersion = 10.0.40219.1
Project("{FAE04EC0-301F-11D3-BF4B-00C04F79EFBC}") = "TnHSell", "TnHSell\TnHSell.csproj", "{F6E6C1E5-2AC1-4D55-9721-1C4DFECF0CEE}"
EndProject
Project("{FAE04EC0-301F-11D3-BF4B-00C04F79EFBC}") = "DT", "3.DT\DT.csproj", "{CD7A5B30-376F-40B0-92B6-5547CC3B6C7C}"
EndProject
Project("{FAE04EC0-301F-11D3-BF4B-00C04F79EFBC}") = "DTO", "4.DTO\DTO.csproj", "{B370B07D-2ED4-4DA1-A02D-3FB771F29BC9}"
EndProject
Project("{FAE04EC0-301F-11D3-BF4B-00C04F79EFBC}") = "Util", "5.Util\Util.csproj", "{FD98CDA9-1F1C-4023-9224-43A5C01DBE62}"
EndProject
Project("{FAE04EC0-301F-11D3-BF4B-00C04F79EFBC}") = "DTA", "6.DTA\DTA.csproj", "{A8F9235A-C629-4FC2-B53F-70E239ABF716}"
EndProject
Project("{FAE04EC0-301F-11D3-BF4B-00C04F79EFBC}") = "BL", "2.BL\BL.csproj", "{110745E8-6004-46CA-8499-6977998C0408}"
EndProject
Project("{2150E333-8FDC-42A3-9474-1A3956D46DE8}") = "2.BL", "2.BL", "{054D2541-1A29-4398-85C0-465C90C2D2E1}"
EndProject
Project("{2150E333-8FDC-42A3-9474-1A3956D46DE8}") = "1.PL", "1.PL", "{383DB42F-4FF4-43AE-B42E-AB3BED1650C2}"
EndProject
Project("{2150E333-8FDC-42A3-9474-1A3956D46DE8}") = "3.DT", "3.DT", "{733B7A22-018E-433C-8671-E29F3D6ECD6C}"
EndProject
Project("{2150E333-8FDC-42A3-9474-1A3956D46DE8}") = "4.Common", "4.Common", "{BF520A8C-515D-4CCE-9658-F5209EF95604}"
EndProject
Global
	GlobalSection(SolutionConfigurationPlatforms) = preSolution
		Debug|Any CPU = Debug|Any CPU
		Release|Any CPU = Release|Any CPU
	EndGlobalSection
	GlobalSection(ProjectConfigurationPlatforms) = postSolution
		{F6E6C1E5-2AC1-4D55-9721-1C4DFECF0CEE}.Debug|Any CPU.ActiveCfg = Debug|Any CPU
		{F6E6C1E5-2AC1-4D55-9721-1C4DFECF0CEE}.Debug|Any CPU.Build.0 = Debug|Any CPU
		{F6E6C1E5-2AC1-4D55-9721-1C4DFECF0CEE}.Release|Any CPU.ActiveCfg = Release|Any CPU
		{F6E6C1E5-2AC1-4D55-9721-1C4DFECF0CEE}.Release|Any CPU.Build.0 = Release|Any CPU
		{CD7A5B30-376F-40B0-92B6-5547CC3B6C7C}.Debug|Any CPU.ActiveCfg = Debug|Any CPU
		{CD7A5B30-376F-40B0-92B6-5547CC3B6C7C}.Debug|Any CPU.Build.0 = Debug|Any CPU
		{CD7A5B30-376F-40B0-92B6-5547CC3B6C7C}.Release|Any CPU.ActiveCfg = Release|Any CPU
		{CD7A5B30-376F-40B0-92B6-5547CC3B6C7C}.Release|Any CPU.Build.0 = Release|Any CPU
		{B370B07D-2ED4-4DA1-A02D-3FB771F29BC9}.Debug|Any CPU.ActiveCfg = Debug|Any CPU
		{B370B07D-2ED4-4DA1-A02D-3FB771F29BC9}.Debug|Any CPU.Build.0 = Debug|Any CPU
		{B370B07D-2ED4-4DA1-A02D-3FB771F29BC9}.Release|Any CPU.ActiveCfg = Release|Any CPU
		{B370B07D-2ED4-4DA1-A02D-3FB771F29BC9}.Release|Any CPU.Build.0 = Release|Any CPU
		{FD98CDA9-1F1C-4023-9224-43A5C01DBE62}.Debug|Any CPU.ActiveCfg = Debug|Any CPU
		{FD98CDA9-1F1C-4023-9224-43A5C01DBE62}.Debug|Any CPU.Build.0 = Debug|Any CPU
		{FD98CDA9-1F1C-4023-9224-43A5C01DBE62}.Release|Any CPU.ActiveCfg = Release|Any CPU
		{FD98CDA9-1F1C-4023-9224-43A5C01DBE62}.Release|Any CPU.Build.0 = Release|Any CPU
		{A8F9235A-C629-4FC2-B53F-70E239ABF716}.Debug|Any CPU.ActiveCfg = Debug|Any CPU
		{A8F9235A-C629-4FC2-B53F-70E239ABF716}.Debug|Any CPU.Build.0 = Debug|Any CPU
		{A8F9235A-C629-4FC2-B53F-70E239ABF716}.Release|Any CPU.ActiveCfg = Release|Any CPU
		{A8F9235A-C629-4FC2-B53F-70E239ABF716}.Release|Any CPU.Build.0 = Release|Any CPU
		{110745E8-6004-46CA-8499-6977998C0408}.Debug|Any CPU.ActiveCfg = Debug|Any CPU
		{110745E8-6004-46CA-8499-6977998C0408}.Debug|Any CPU.Build.0 = Debug|Any CPU
		{110745E8-6004-46CA-8499-6977998C0408}.Release|Any CPU.ActiveCfg = Release|Any CPU
		{110745E8-6004-46CA-8499-6977998C0408}.Release|Any CPU.Build.0 = Release|Any CPU
	EndGlobalSection
	GlobalSection(SolutionProperties) = preSolution
		HideSolutionNode = FALSE
	EndGlobalSection
	GlobalSection(NestedProjects) = preSolution
		{F6E6C1E5-2AC1-4D55-9721-1C4DFECF0CEE} = {383DB42F-4FF4-43AE-B42E-AB3BED1650C2}
		{CD7A5B30-376F-40B0-92B6-5547CC3B6C7C} = {733B7A22-018E-433C-8671-E29F3D6ECD6C}
		{B370B07D-2ED4-4DA1-A02D-3FB771F29BC9} = {BF520A8C-515D-4CCE-9658-F5209EF95604}
		{FD98CDA9-1F1C-4023-9224-43A5C01DBE62} = {BF520A8C-515D-4CCE-9658-F5209EF95604}
		{A8F9235A-C629-4FC2-B53F-70E239ABF716} = {733B7A22-018E-433C-8671-E29F3D6ECD6C}
		{110745E8-6004-46CA-8499-6977998C0408} = {054D2541-1A29-4398-85C0-465C90C2D2E1}
	EndGlobalSection
EndGlobal
